
Microsoft Visual Studio Solution File, Format Version 12.00
# Visual Studio Version 16
VisualStudioVersion = 16.0.33214.272
MinimumVisualStudioVersion = 10.0.40219.1
Project("{F184B08F-C81C-45F6-A57F-5ABD9991F28F}") = "Currency_calc", "Currency_calc.vbproj", "{ADBA4C2C-7D24-46A0-9969-B287D3412127}"
EndProject
Global
	GlobalSection(SolutionConfigurationPlatforms) = preSolution
		Debug|Any CPU = Debug|Any CPU
		Release|Any CPU = Release|Any CPU
	EndGlobalSection
	GlobalSection(ProjectConfigurationPlatforms) = postSolution
		{ADBA4C2C-7D24-46A0-9969-B287D3412127}.Debug|Any CPU.ActiveCfg = Debug|Any CPU
		{ADBA4C2C-7D24-46A0-9969-B287D3412127}.Debug|Any CPU.Build.0 = Debug|Any CPU
		{ADBA4C2C-7D24-46A0-9969-B287D3412127}.Release|Any CPU.ActiveCfg = Release|Any CPU
		{ADBA4C2C-7D24-46A0-9969-B287D3412127}.Release|Any CPU.Build.0 = Release|Any CPU
	EndGlobalSection
	GlobalSection(SolutionProperties) = preSolution
		HideSolutionNode = FALSE
	EndGlobalSection
	GlobalSection(ExtensibilityGlobals) = postSolution
		SolutionGuid = {17191733-CCA8-428D-A7E4-33DE4B53137D}
	EndGlobalSection
EndGlobal
